
Microsoft Visual Studio Solution File, Format Version 12.00
# Visual Studio Version 17
VisualStudioVersion = 17.1.32319.34
MinimumVisualStudioVersion = 10.0.40219.1
Project("{9A19103F-16F7-4668-BE54-9A1E7A4F7556}") = "Proyecto25AM", "Proyecto25AM\Proyecto25AM.csproj", "{9421CC41-B049-42D8-BE90-FF379952F773}"
EndProject
Project("{9A19103F-16F7-4668-BE54-9A1E7A4F7556}") = "Domain", "Domain\Domain.csproj", "{D8F3C3BA-A593-4A01-9455-4F5EB9A23FDC}"
EndProject
Global
	GlobalSection(SolutionConfigurationPlatforms) = preSolution
		Debug|Any CPU = Debug|Any CPU
		Release|Any CPU = Release|Any CPU
	EndGlobalSection
	GlobalSection(ProjectConfigurationPlatforms) = postSolution
		{9421CC41-B049-42D8-BE90-FF379952F773}.Debug|Any CPU.ActiveCfg = Debug|Any CPU
		{9421CC41-B049-42D8-BE90-FF379952F773}.Debug|Any CPU.Build.0 = Debug|Any CPU
		{9421CC41-B049-42D8-BE90-FF379952F773}.Release|Any CPU.ActiveCfg = Release|Any CPU
		{9421CC41-B049-42D8-BE90-FF379952F773}.Release|Any CPU.Build.0 = Release|Any CPU
		{D8F3C3BA-A593-4A01-9455-4F5EB9A23FDC}.Debug|Any CPU.ActiveCfg = Debug|Any CPU
		{D8F3C3BA-A593-4A01-9455-4F5EB9A23FDC}.Debug|Any CPU.Build.0 = Debug|Any CPU
		{D8F3C3BA-A593-4A01-9455-4F5EB9A23FDC}.Release|Any CPU.ActiveCfg = Release|Any CPU
		{D8F3C3BA-A593-4A01-9455-4F5EB9A23FDC}.Release|Any CPU.Build.0 = Release|Any CPU
	EndGlobalSection
	GlobalSection(SolutionProperties) = preSolution
		HideSolutionNode = FALSE
	EndGlobalSection
	GlobalSection(ExtensibilityGlobals) = postSolution
		SolutionGuid = {C718B358-278B-4D62-8FDC-57128B688D3C}
	EndGlobalSection
EndGlobal
